// !$*UTF8*$!
{
	archiveVersion = 1;
	classes = {
	};
	objectVersion = 50;
	objects = {

/* Begin PBXBuildFile section */
		3C58192C2612F9CC003049B4 /* DiaryPanel.swift in Sources */ = {isa = PBXBuildFile; fileRef = 3C58192B2612F9CC003049B4 /* DiaryPanel.swift */; };
		3C9CEDB92612FFBB00864CCE /* test.swift in Sources */ = {isa = PBXBuildFile; fileRef = 3C9CEDB82612FFBB00864CCE /* test.swift */; };
		87235E432605461000719513 /* NoteDetail_2.swift in Sources */ = {isa = PBXBuildFile; fileRef = 87235E362605461000719513 /* NoteDetail_2.swift */; };
		87235E442605461000719513 /* NoteNew.swift in Sources */ = {isa = PBXBuildFile; fileRef = 87235E372605461000719513 /* NoteNew.swift */; };
		87235E452605461000719513 /* NoteList.swift in Sources */ = {isa = PBXBuildFile; fileRef = 87235E382605461000719513 /* NoteList.swift */; };
		87235E462605461000719513 /* NoteDetail.swift in Sources */ = {isa = PBXBuildFile; fileRef = 87235E392605461000719513 /* NoteDetail.swift */; };
		87235E472605461000719513 /* NoteRow.swift in Sources */ = {isa = PBXBuildFile; fileRef = 87235E3A2605461000719513 /* NoteRow.swift */; };
		87235E482605461000719513 /* FloatingMenu.swift in Sources */ = {isa = PBXBuildFile; fileRef = 87235E3B2605461000719513 /* FloatingMenu.swift */; };
		87235E492605461000719513 /* MultilineTextView.swift in Sources */ = {isa = PBXBuildFile; fileRef = 87235E3D2605461000719513 /* MultilineTextView.swift */; };
		87235E4A2605461000719513 /* FavoriteButton.swift in Sources */ = {isa = PBXBuildFile; fileRef = 87235E3E2605461000719513 /* FavoriteButton.swift */; };
		87235E4C2605461000719513 /* ContentView.swift in Sources */ = {isa = PBXBuildFile; fileRef = 87235E402605461000719513 /* ContentView.swift */; };
		87493871260547BA00C1A43E /* CardView.swift in Sources */ = {isa = PBXBuildFile; fileRef = 8749386F260547BA00C1A43E /* CardView.swift */; };
		87493872260547BA00C1A43E /* ToDoView.swift in Sources */ = {isa = PBXBuildFile; fileRef = 87493870260547BA00C1A43E /* ToDoView.swift */; };
		87493877260547DD00C1A43E /* ToDoEvent.swift in Sources */ = {isa = PBXBuildFile; fileRef = 87493876260547DD00C1A43E /* ToDoEvent.swift */; };
		8749387C2605493D00C1A43E /* SwipeDirection.swift in Sources */ = {isa = PBXBuildFile; fileRef = 8749387B2605493D00C1A43E /* SwipeDirection.swift */; };
		876A61022629F44E004AB13E /* DiaryRow.swift in Sources */ = {isa = PBXBuildFile; fileRef = 876A61012629F44E004AB13E /* DiaryRow.swift */; };
		876A610A2629F459004AB13E /* DiaryDetail.swift in Sources */ = {isa = PBXBuildFile; fileRef = 876A61092629F459004AB13E /* DiaryDetail.swift */; };
		876A610F2629F472004AB13E /* DiaryList.swift in Sources */ = {isa = PBXBuildFile; fileRef = 876A610E2629F472004AB13E /* DiaryList.swift */; };
		876A6117262A0554004AB13E /* DiaryType.swift in Sources */ = {isa = PBXBuildFile; fileRef = 876A6116262A0554004AB13E /* DiaryType.swift */; };
		876A611C262A0F15004AB13E /* diaryData.json in Resources */ = {isa = PBXBuildFile; fileRef = 876A611B262A0F15004AB13E /* diaryData.json */; };
		876A612D262A373F004AB13E /* bla.swift in Sources */ = {isa = PBXBuildFile; fileRef = 876A612C262A373F004AB13E /* bla.swift */; };
		879F3F502602AE4300C110BC /* Assets.xcassets in Resources */ = {isa = PBXBuildFile; fileRef = 879F3F4F2602AE4300C110BC /* Assets.xcassets */; };
		879F3F532602AE4300C110BC /* Preview Assets.xcassets in Resources */ = {isa = PBXBuildFile; fileRef = 879F3F522602AE4300C110BC /* Preview Assets.xcassets */; };
		879F3F552602AE4300C110BC /* Persistence.swift in Sources */ = {isa = PBXBuildFile; fileRef = 879F3F542602AE4300C110BC /* Persistence.swift */; };
		879F3F582602AE4300C110BC /* Note.xcdatamodeld in Sources */ = {isa = PBXBuildFile; fileRef = 879F3F562602AE4300C110BC /* Note.xcdatamodeld */; };
		879F3F632602AE4400C110BC /* NoteTests.swift in Sources */ = {isa = PBXBuildFile; fileRef = 879F3F622602AE4400C110BC /* NoteTests.swift */; };
		879F3F6E2602AE4400C110BC /* NoteUITests.swift in Sources */ = {isa = PBXBuildFile; fileRef = 879F3F6D2602AE4400C110BC /* NoteUITests.swift */; };
		879F3F812602AEAB00C110BC /* NoteType.swift in Sources */ = {isa = PBXBuildFile; fileRef = 879F3F7F2602AEAB00C110BC /* NoteType.swift */; };
		879F3F822602AEAB00C110BC /* ModelData.swift in Sources */ = {isa = PBXBuildFile; fileRef = 879F3F802602AEAB00C110BC /* ModelData.swift */; };
		879F3F872602AEB900C110BC /* NoteApp.swift in Sources */ = {isa = PBXBuildFile; fileRef = 879F3F862602AEB900C110BC /* NoteApp.swift */; };
		879F3F902602AECF00C110BC /* noteData.json in Resources */ = {isa = PBXBuildFile; fileRef = 879F3F8F2602AECF00C110BC /* noteData.json */; };
		87C6C6772617C05B0002A04C /* CustomizeList.swift in Sources */ = {isa = PBXBuildFile; fileRef = 87C6C6762617C05B0002A04C /* CustomizeList.swift */; };
		87DF0A992616B476001E32A8 /* CalendarView.swift in Sources */ = {isa = PBXBuildFile; fileRef = 87DF0A982616B476001E32A8 /* CalendarView.swift */; };
		87DF0AA32616B4AC001E32A8 /* MainPanelBar.swift in Sources */ = {isa = PBXBuildFile; fileRef = 87DF0AA22616B4AC001E32A8 /* MainPanelBar.swift */; };
		87DF0AA82616B4B6001E32A8 /* SettingView.swift in Sources */ = {isa = PBXBuildFile; fileRef = 87DF0AA72616B4B6001E32A8 /* SettingView.swift */; };
		87DF0AAD2616B6B8001E32A8 /* MiddleView.swift in Sources */ = {isa = PBXBuildFile; fileRef = 87DF0AAC2616B6B8001E32A8 /* MiddleView.swift */; };
		87DF0AB82616B9DE001E32A8 /* LeftView.swift in Sources */ = {isa = PBXBuildFile; fileRef = 87DF0AB72616B9DE001E32A8 /* LeftView.swift */; };
		87DF0AC02616B9EE001E32A8 /* RightView.swift in Sources */ = {isa = PBXBuildFile; fileRef = 87DF0ABF2616B9EE001E32A8 /* RightView.swift */; };
		87DF0AC82616BF15001E32A8 /* ToNoteView.swift in Sources */ = {isa = PBXBuildFile; fileRef = 87DF0AC72616BF15001E32A8 /* ToNoteView.swift */; };
		B4C95DAA26293365007F4B80 /* SaveAndLoad.swift in Sources */ = {isa = PBXBuildFile; fileRef = B4C95DA926293364007F4B80 /* SaveAndLoad.swift */; };
/* End PBXBuildFile section */

/* Begin PBXContainerItemProxy section */
		879F3F5F2602AE4400C110BC /* PBXContainerItemProxy */ = {
			isa = PBXContainerItemProxy;
			containerPortal = 879F3F402602AE4200C110BC /* Project object */;
			proxyType = 1;
			remoteGlobalIDString = 879F3F472602AE4200C110BC;
			remoteInfo = Note;
		};
		879F3F6A2602AE4400C110BC /* PBXContainerItemProxy */ = {
			isa = PBXContainerItemProxy;
			containerPortal = 879F3F402602AE4200C110BC /* Project object */;
			proxyType = 1;
			remoteGlobalIDString = 879F3F472602AE4200C110BC;
			remoteInfo = Note;
		};
/* End PBXContainerItemProxy section */

/* Begin PBXFileReference section */
		3C58192B2612F9CC003049B4 /* DiaryPanel.swift */ = {isa = PBXFileReference; lastKnownFileType = sourcecode.swift; path = DiaryPanel.swift; sourceTree = "<group>"; };
		3C9CEDB82612FFBB00864CCE /* test.swift */ = {isa = PBXFileReference; lastKnownFileType = sourcecode.swift; path = test.swift; sourceTree = "<group>"; };
		87235E362605461000719513 /* NoteDetail_2.swift */ = {isa = PBXFileReference; fileEncoding = 4; lastKnownFileType = sourcecode.swift; path = NoteDetail_2.swift; sourceTree = "<group>"; };
		87235E372605461000719513 /* NoteNew.swift */ = {isa = PBXFileReference; fileEncoding = 4; lastKnownFileType = sourcecode.swift; path = NoteNew.swift; sourceTree = "<group>"; };
		87235E382605461000719513 /* NoteList.swift */ = {isa = PBXFileReference; fileEncoding = 4; lastKnownFileType = sourcecode.swift; path = NoteList.swift; sourceTree = "<group>"; };
		87235E392605461000719513 /* NoteDetail.swift */ = {isa = PBXFileReference; fileEncoding = 4; lastKnownFileType = sourcecode.swift; path = NoteDetail.swift; sourceTree = "<group>"; };
		87235E3A2605461000719513 /* NoteRow.swift */ = {isa = PBXFileReference; fileEncoding = 4; lastKnownFileType = sourcecode.swift; path = NoteRow.swift; sourceTree = "<group>"; };
		87235E3B2605461000719513 /* FloatingMenu.swift */ = {isa = PBXFileReference; fileEncoding = 4; lastKnownFileType = sourcecode.swift; path = FloatingMenu.swift; sourceTree = "<group>"; };
		87235E3D2605461000719513 /* MultilineTextView.swift */ = {isa = PBXFileReference; fileEncoding = 4; lastKnownFileType = sourcecode.swift; path = MultilineTextView.swift; sourceTree = "<group>"; };
		87235E3E2605461000719513 /* FavoriteButton.swift */ = {isa = PBXFileReference; fileEncoding = 4; lastKnownFileType = sourcecode.swift; path = FavoriteButton.swift; sourceTree = "<group>"; };
		87235E402605461000719513 /* ContentView.swift */ = {isa = PBXFileReference; fileEncoding = 4; lastKnownFileType = sourcecode.swift; path = ContentView.swift; sourceTree = "<group>"; };
		8749386F260547BA00C1A43E /* CardView.swift */ = {isa = PBXFileReference; fileEncoding = 4; lastKnownFileType = sourcecode.swift; path = CardView.swift; sourceTree = "<group>"; };
		87493870260547BA00C1A43E /* ToDoView.swift */ = {isa = PBXFileReference; fileEncoding = 4; lastKnownFileType = sourcecode.swift; path = ToDoView.swift; sourceTree = "<group>"; };
		87493876260547DD00C1A43E /* ToDoEvent.swift */ = {isa = PBXFileReference; fileEncoding = 4; lastKnownFileType = sourcecode.swift; path = ToDoEvent.swift; sourceTree = "<group>"; };
		8749387B2605493D00C1A43E /* SwipeDirection.swift */ = {isa = PBXFileReference; lastKnownFileType = sourcecode.swift; path = SwipeDirection.swift; sourceTree = "<group>"; };
		876A61012629F44E004AB13E /* DiaryRow.swift */ = {isa = PBXFileReference; lastKnownFileType = sourcecode.swift; path = DiaryRow.swift; sourceTree = "<group>"; };
		876A61092629F459004AB13E /* DiaryDetail.swift */ = {isa = PBXFileReference; lastKnownFileType = sourcecode.swift; path = DiaryDetail.swift; sourceTree = "<group>"; };
		876A610E2629F472004AB13E /* DiaryList.swift */ = {isa = PBXFileReference; lastKnownFileType = sourcecode.swift; path = DiaryList.swift; sourceTree = "<group>"; };
		876A6116262A0554004AB13E /* DiaryType.swift */ = {isa = PBXFileReference; lastKnownFileType = sourcecode.swift; path = DiaryType.swift; sourceTree = "<group>"; };
		876A611B262A0F15004AB13E /* diaryData.json */ = {isa = PBXFileReference; fileEncoding = 4; lastKnownFileType = text.json; path = diaryData.json; sourceTree = "<group>"; };
		876A612C262A373F004AB13E /* bla.swift */ = {isa = PBXFileReference; lastKnownFileType = sourcecode.swift; path = bla.swift; sourceTree = "<group>"; };
		879F3F482602AE4200C110BC /* Note.app */ = {isa = PBXFileReference; explicitFileType = wrapper.application; includeInIndex = 0; path = Note.app; sourceTree = BUILT_PRODUCTS_DIR; };
		879F3F4F2602AE4300C110BC /* Assets.xcassets */ = {isa = PBXFileReference; lastKnownFileType = folder.assetcatalog; path = Assets.xcassets; sourceTree = "<group>"; };
		879F3F522602AE4300C110BC /* Preview Assets.xcassets */ = {isa = PBXFileReference; lastKnownFileType = folder.assetcatalog; path = "Preview Assets.xcassets"; sourceTree = "<group>"; };
		879F3F542602AE4300C110BC /* Persistence.swift */ = {isa = PBXFileReference; lastKnownFileType = sourcecode.swift; path = Persistence.swift; sourceTree = "<group>"; };
		879F3F572602AE4300C110BC /* Note.xcdatamodel */ = {isa = PBXFileReference; lastKnownFileType = wrapper.xcdatamodel; path = Note.xcdatamodel; sourceTree = "<group>"; };
		879F3F592602AE4300C110BC /* Info.plist */ = {isa = PBXFileReference; lastKnownFileType = text.plist.xml; path = Info.plist; sourceTree = "<group>"; };
		879F3F5E2602AE4400C110BC /* NoteTests.xctest */ = {isa = PBXFileReference; explicitFileType = wrapper.cfbundle; includeInIndex = 0; path = NoteTests.xctest; sourceTree = BUILT_PRODUCTS_DIR; };
		879F3F622602AE4400C110BC /* NoteTests.swift */ = {isa = PBXFileReference; lastKnownFileType = sourcecode.swift; path = NoteTests.swift; sourceTree = "<group>"; };
		879F3F642602AE4400C110BC /* Info.plist */ = {isa = PBXFileReference; lastKnownFileType = text.plist.xml; path = Info.plist; sourceTree = "<group>"; };
		879F3F692602AE4400C110BC /* NoteUITests.xctest */ = {isa = PBXFileReference; explicitFileType = wrapper.cfbundle; includeInIndex = 0; path = NoteUITests.xctest; sourceTree = BUILT_PRODUCTS_DIR; };
		879F3F6D2602AE4400C110BC /* NoteUITests.swift */ = {isa = PBXFileReference; lastKnownFileType = sourcecode.swift; path = NoteUITests.swift; sourceTree = "<group>"; };
		879F3F6F2602AE4400C110BC /* Info.plist */ = {isa = PBXFileReference; lastKnownFileType = text.plist.xml; path = Info.plist; sourceTree = "<group>"; };
		879F3F7F2602AEAB00C110BC /* NoteType.swift */ = {isa = PBXFileReference; fileEncoding = 4; lastKnownFileType = sourcecode.swift; path = NoteType.swift; sourceTree = "<group>"; };
		879F3F802602AEAB00C110BC /* ModelData.swift */ = {isa = PBXFileReference; fileEncoding = 4; lastKnownFileType = sourcecode.swift; path = ModelData.swift; sourceTree = "<group>"; };
		879F3F862602AEB900C110BC /* NoteApp.swift */ = {isa = PBXFileReference; fileEncoding = 4; lastKnownFileType = sourcecode.swift; path = NoteApp.swift; sourceTree = "<group>"; };
		879F3F8F2602AECF00C110BC /* noteData.json */ = {isa = PBXFileReference; fileEncoding = 4; lastKnownFileType = text.json; path = noteData.json; sourceTree = "<group>"; };
		87C6C6762617C05B0002A04C /* CustomizeList.swift */ = {isa = PBXFileReference; lastKnownFileType = sourcecode.swift; path = CustomizeList.swift; sourceTree = "<group>"; };
		87DF0A982616B476001E32A8 /* CalendarView.swift */ = {isa = PBXFileReference; fileEncoding = 4; lastKnownFileType = sourcecode.swift; path = CalendarView.swift; sourceTree = "<group>"; };
		87DF0AA22616B4AC001E32A8 /* MainPanelBar.swift */ = {isa = PBXFileReference; fileEncoding = 4; lastKnownFileType = sourcecode.swift; path = MainPanelBar.swift; sourceTree = "<group>"; };
		87DF0AA72616B4B6001E32A8 /* SettingView.swift */ = {isa = PBXFileReference; fileEncoding = 4; lastKnownFileType = sourcecode.swift; path = SettingView.swift; sourceTree = "<group>"; };
		87DF0AAC2616B6B8001E32A8 /* MiddleView.swift */ = {isa = PBXFileReference; lastKnownFileType = sourcecode.swift; path = MiddleView.swift; sourceTree = "<group>"; };
		87DF0AB72616B9DE001E32A8 /* LeftView.swift */ = {isa = PBXFileReference; lastKnownFileType = sourcecode.swift; path = LeftView.swift; sourceTree = "<group>"; };
		87DF0ABF2616B9EE001E32A8 /* RightView.swift */ = {isa = PBXFileReference; lastKnownFileType = sourcecode.swift; path = RightView.swift; sourceTree = "<group>"; };
		87DF0AC72616BF15001E32A8 /* ToNoteView.swift */ = {isa = PBXFileReference; lastKnownFileType = sourcecode.swift; path = ToNoteView.swift; sourceTree = "<group>"; };
		B4C95DA926293364007F4B80 /* SaveAndLoad.swift */ = {isa = PBXFileReference; lastKnownFileType = sourcecode.swift; path = SaveAndLoad.swift; sourceTree = "<group>"; };
/* End PBXFileReference section */

/* Begin PBXFrameworksBuildPhase section */
		879F3F452602AE4200C110BC /* Frameworks */ = {
			isa = PBXFrameworksBuildPhase;
			buildActionMask = 2147483647;
			files = (
			);
			runOnlyForDeploymentPostprocessing = 0;
		};
		879F3F5B2602AE4400C110BC /* Frameworks */ = {
			isa = PBXFrameworksBuildPhase;
			buildActionMask = 2147483647;
			files = (
			);
			runOnlyForDeploymentPostprocessing = 0;
		};
		879F3F662602AE4400C110BC /* Frameworks */ = {
			isa = PBXFrameworksBuildPhase;
			buildActionMask = 2147483647;
			files = (
			);
			runOnlyForDeploymentPostprocessing = 0;
		};
/* End PBXFrameworksBuildPhase section */

/* Begin PBXGroup section */
		87235E352605461000719513 /* Note */ = {
			isa = PBXGroup;
			children = (
				87235E362605461000719513 /* NoteDetail_2.swift */,
				87235E372605461000719513 /* NoteNew.swift */,
				87235E382605461000719513 /* NoteList.swift */,
				87235E392605461000719513 /* NoteDetail.swift */,
				87235E3A2605461000719513 /* NoteRow.swift */,
			);
			path = Note;
			sourceTree = "<group>";
		};
		87235E3C2605461000719513 /* Helpers */ = {
			isa = PBXGroup;
			children = (
				87235E3B2605461000719513 /* FloatingMenu.swift */,
				87DF0AA22616B4AC001E32A8 /* MainPanelBar.swift */,
				87235E3D2605461000719513 /* MultilineTextView.swift */,
				87235E3E2605461000719513 /* FavoriteButton.swift */,
			);
			path = Helpers;
			sourceTree = "<group>";
		};
		87421804261807D50019613D /* Setting */ = {
			isa = PBXGroup;
			children = (
				87DF0AA72616B4B6001E32A8 /* SettingView.swift */,
			);
			path = Setting;
			sourceTree = "<group>";
		};
		8749386E260547BA00C1A43E /* ToDoList */ = {
			isa = PBXGroup;
			children = (
				8749386F260547BA00C1A43E /* CardView.swift */,
				87493870260547BA00C1A43E /* ToDoView.swift */,
				87C6C6762617C05B0002A04C /* CustomizeList.swift */,
			);
			path = ToDoList;
			sourceTree = "<group>";
		};
		876A61002629F183004AB13E /* Diary */ = {
			isa = PBXGroup;
			children = (
				3C58192B2612F9CC003049B4 /* DiaryPanel.swift */,
				876A61012629F44E004AB13E /* DiaryRow.swift */,
				876A61092629F459004AB13E /* DiaryDetail.swift */,
				876A610E2629F472004AB13E /* DiaryList.swift */,
				876A612C262A373F004AB13E /* bla.swift */,
			);
			path = Diary;
			sourceTree = "<group>";
		};
		879F3F3F2602AE4200C110BC = {
			isa = PBXGroup;
			children = (
				879F3F4A2602AE4200C110BC /* Note */,
				879F3F612602AE4400C110BC /* NoteTests */,
				879F3F6C2602AE4400C110BC /* NoteUITests */,
				879F3F492602AE4200C110BC /* Products */,
			);
			sourceTree = "<group>";
		};
		879F3F492602AE4200C110BC /* Products */ = {
			isa = PBXGroup;
			children = (
				879F3F482602AE4200C110BC /* Note.app */,
				879F3F5E2602AE4400C110BC /* NoteTests.xctest */,
				879F3F692602AE4400C110BC /* NoteUITests.xctest */,
			);
			name = Products;
			sourceTree = "<group>";
		};
		879F3F4A2602AE4200C110BC /* Note */ = {
			isa = PBXGroup;
			children = (
				879F3F942602AED500C110BC /* Views */,
				879F3F8E2602AECF00C110BC /* Resources */,
				879F3F7E2602AEAB00C110BC /* Models */,
				879F3F4F2602AE4300C110BC /* Assets.xcassets */,
				879F3F542602AE4300C110BC /* Persistence.swift */,
				879F3F592602AE4300C110BC /* Info.plist */,
				879F3F562602AE4300C110BC /* Note.xcdatamodeld */,
				879F3F862602AEB900C110BC /* NoteApp.swift */,
				879F3F512602AE4300C110BC /* Preview Content */,
			);
			path = Note;
			sourceTree = "<group>";
		};
		879F3F512602AE4300C110BC /* Preview Content */ = {
			isa = PBXGroup;
			children = (
				879F3F522602AE4300C110BC /* Preview Assets.xcassets */,
			);
			path = "Preview Content";
			sourceTree = "<group>";
		};
		879F3F612602AE4400C110BC /* NoteTests */ = {
			isa = PBXGroup;
			children = (
				879F3F622602AE4400C110BC /* NoteTests.swift */,
				879F3F642602AE4400C110BC /* Info.plist */,
			);
			path = NoteTests;
			sourceTree = "<group>";
		};
		879F3F6C2602AE4400C110BC /* NoteUITests */ = {
			isa = PBXGroup;
			children = (
				879F3F6D2602AE4400C110BC /* NoteUITests.swift */,
				879F3F6F2602AE4400C110BC /* Info.plist */,
			);
			path = NoteUITests;
			sourceTree = "<group>";
		};
		879F3F7E2602AEAB00C110BC /* Models */ = {
			isa = PBXGroup;
			children = (
				8749387B2605493D00C1A43E /* SwipeDirection.swift */,
				87493876260547DD00C1A43E /* ToDoEvent.swift */,
				879F3F802602AEAB00C110BC /* ModelData.swift */,
				B4C95DA926293364007F4B80 /* SaveAndLoad.swift */,
				879F3F7F2602AEAB00C110BC /* NoteType.swift */,
				876A6116262A0554004AB13E /* DiaryType.swift */,
			);
			path = Models;
			sourceTree = "<group>";
		};
		879F3F8E2602AECF00C110BC /* Resources */ = {
			isa = PBXGroup;
			children = (
				876A611B262A0F15004AB13E /* diaryData.json */,
				879F3F8F2602AECF00C110BC /* noteData.json */,
			);
			path = Resources;
			sourceTree = "<group>";
		};
		879F3F942602AED500C110BC /* Views */ = {
			isa = PBXGroup;
			children = (
				876A61002629F183004AB13E /* Diary */,
				87DF0A972616B476001E32A8 /* Calendar */,
				3C9CEDB82612FFBB00864CCE /* test.swift */,
				87421804261807D50019613D /* Setting */,
				8749386E260547BA00C1A43E /* ToDoList */,
				87235E402605461000719513 /* ContentView.swift */,
				87235E3C2605461000719513 /* Helpers */,
				87235E352605461000719513 /* Note */,
				87DF0AAC2616B6B8001E32A8 /* MiddleView.swift */,
				87DF0AB72616B9DE001E32A8 /* LeftView.swift */,
				87DF0ABF2616B9EE001E32A8 /* RightView.swift */,
			);
			path = Views;
			sourceTree = "<group>";
		};
		87DF0A972616B476001E32A8 /* Calendar */ = {
			isa = PBXGroup;
			children = (
				87DF0A982616B476001E32A8 /* CalendarView.swift */,
				87DF0AC72616BF15001E32A8 /* ToNoteView.swift */,
			);
			path = Calendar;
			sourceTree = "<group>";
		};
/* End PBXGroup section */

/* Begin PBXNativeTarget section */
		879F3F472602AE4200C110BC /* Note */ = {
			isa = PBXNativeTarget;
			buildConfigurationList = 879F3F722602AE4400C110BC /* Build configuration list for PBXNativeTarget "Note" */;
			buildPhases = (
				879F3F442602AE4200C110BC /* Sources */,
				879F3F452602AE4200C110BC /* Frameworks */,
				879F3F462602AE4200C110BC /* Resources */,
			);
			buildRules = (
			);
			dependencies = (
			);
			name = Note;
			productName = Note;
			productReference = 879F3F482602AE4200C110BC /* Note.app */;
			productType = "com.apple.product-type.application";
		};
		879F3F5D2602AE4400C110BC /* NoteTests */ = {
			isa = PBXNativeTarget;
			buildConfigurationList = 879F3F752602AE4400C110BC /* Build configuration list for PBXNativeTarget "NoteTests" */;
			buildPhases = (
				879F3F5A2602AE4400C110BC /* Sources */,
				879F3F5B2602AE4400C110BC /* Frameworks */,
				879F3F5C2602AE4400C110BC /* Resources */,
			);
			buildRules = (
			);
			dependencies = (
				879F3F602602AE4400C110BC /* PBXTargetDependency */,
			);
			name = NoteTests;
			productName = NoteTests;
			productReference = 879F3F5E2602AE4400C110BC /* NoteTests.xctest */;
			productType = "com.apple.product-type.bundle.unit-test";
		};
		879F3F682602AE4400C110BC /* NoteUITests */ = {
			isa = PBXNativeTarget;
			buildConfigurationList = 879F3F782602AE4400C110BC /* Build configuration list for PBXNativeTarget "NoteUITests" */;
			buildPhases = (
				879F3F652602AE4400C110BC /* Sources */,
				879F3F662602AE4400C110BC /* Frameworks */,
				879F3F672602AE4400C110BC /* Resources */,
			);
			buildRules = (
			);
			dependencies = (
				879F3F6B2602AE4400C110BC /* PBXTargetDependency */,
			);
			name = NoteUITests;
			productName = NoteUITests;
			productReference = 879F3F692602AE4400C110BC /* NoteUITests.xctest */;
			productType = "com.apple.product-type.bundle.ui-testing";
		};
/* End PBXNativeTarget section */

/* Begin PBXProject section */
		879F3F402602AE4200C110BC /* Project object */ = {
			isa = PBXProject;
			attributes = {
				LastSwiftUpdateCheck = 1240;
				LastUpgradeCheck = 1240;
				TargetAttributes = {
					879F3F472602AE4200C110BC = {
						CreatedOnToolsVersion = 12.4;
					};
					879F3F5D2602AE4400C110BC = {
						CreatedOnToolsVersion = 12.4;
						TestTargetID = 879F3F472602AE4200C110BC;
					};
					879F3F682602AE4400C110BC = {
						CreatedOnToolsVersion = 12.4;
						TestTargetID = 879F3F472602AE4200C110BC;
					};
				};
			};
			buildConfigurationList = 879F3F432602AE4200C110BC /* Build configuration list for PBXProject "Note" */;
			compatibilityVersion = "Xcode 9.3";
			developmentRegion = en;
			hasScannedForEncodings = 0;
			knownRegions = (
				en,
				Base,
			);
			mainGroup = 879F3F3F2602AE4200C110BC;
			productRefGroup = 879F3F492602AE4200C110BC /* Products */;
			projectDirPath = "";
			projectRoot = "";
			targets = (
				879F3F472602AE4200C110BC /* Note */,
				879F3F5D2602AE4400C110BC /* NoteTests */,
				879F3F682602AE4400C110BC /* NoteUITests */,
			);
		};
/* End PBXProject section */

/* Begin PBXResourcesBuildPhase section */
		879F3F462602AE4200C110BC /* Resources */ = {
			isa = PBXResourcesBuildPhase;
			buildActionMask = 2147483647;
			files = (
				879F3F902602AECF00C110BC /* noteData.json in Resources */,
				876A611C262A0F15004AB13E /* diaryData.json in Resources */,
				879F3F532602AE4300C110BC /* Preview Assets.xcassets in Resources */,
				879F3F502602AE4300C110BC /* Assets.xcassets in Resources */,
			);
			runOnlyForDeploymentPostprocessing = 0;
		};
		879F3F5C2602AE4400C110BC /* Resources */ = {
			isa = PBXResourcesBuildPhase;
			buildActionMask = 2147483647;
			files = (
			);
			runOnlyForDeploymentPostprocessing = 0;
		};
		879F3F672602AE4400C110BC /* Resources */ = {
			isa = PBXResourcesBuildPhase;
			buildActionMask = 2147483647;
			files = (
			);
			runOnlyForDeploymentPostprocessing = 0;
		};
/* End PBXResourcesBuildPhase section */

/* Begin PBXSourcesBuildPhase section */
		879F3F442602AE4200C110BC /* Sources */ = {
			isa = PBXSourcesBuildPhase;
			buildActionMask = 2147483647;
			files = (
				879F3F812602AEAB00C110BC /* NoteType.swift in Sources */,
				879F3F552602AE4300C110BC /* Persistence.swift in Sources */,
				87493872260547BA00C1A43E /* ToDoView.swift in Sources */,
				8749387C2605493D00C1A43E /* SwipeDirection.swift in Sources */,
				87235E4A2605461000719513 /* FavoriteButton.swift in Sources */,
				87DF0AA32616B4AC001E32A8 /* MainPanelBar.swift in Sources */,
				87DF0A992616B476001E32A8 /* CalendarView.swift in Sources */,
				87DF0AA82616B4B6001E32A8 /* SettingView.swift in Sources */,
				87DF0AC82616BF15001E32A8 /* ToNoteView.swift in Sources */,
				87DF0AB82616B9DE001E32A8 /* LeftView.swift in Sources */,
				87DF0AC02616B9EE001E32A8 /* RightView.swift in Sources */,
				87235E442605461000719513 /* NoteNew.swift in Sources */,
				87235E492605461000719513 /* MultilineTextView.swift in Sources */,
				87235E4C2605461000719513 /* ContentView.swift in Sources */,
				879F3F872602AEB900C110BC /* NoteApp.swift in Sources */,
				87235E472605461000719513 /* NoteRow.swift in Sources */,
				876A610A2629F459004AB13E /* DiaryDetail.swift in Sources */,
				3C58192C2612F9CC003049B4 /* DiaryPanel.swift in Sources */,
				876A610F2629F472004AB13E /* DiaryList.swift in Sources */,
				87493871260547BA00C1A43E /* CardView.swift in Sources */,
				87DF0AAD2616B6B8001E32A8 /* MiddleView.swift in Sources */,
				B4C95DAA26293365007F4B80 /* SaveAndLoad.swift in Sources */,
				3C9CEDB92612FFBB00864CCE /* test.swift in Sources */,
				876A6117262A0554004AB13E /* DiaryType.swift in Sources */,
				87235E482605461000719513 /* FloatingMenu.swift in Sources */,
				87C6C6772617C05B0002A04C /* CustomizeList.swift in Sources */,
				879F3F582602AE4300C110BC /* Note.xcdatamodeld in Sources */,
				876A612D262A373F004AB13E /* bla.swift in Sources */,
				879F3F822602AEAB00C110BC /* ModelData.swift in Sources */,
				87235E462605461000719513 /* NoteDetail.swift in Sources */,
				87493877260547DD00C1A43E /* ToDoEvent.swift in Sources */,
				87235E432605461000719513 /* NoteDetail_2.swift in Sources */,
				876A61022629F44E004AB13E /* DiaryRow.swift in Sources */,
				87235E452605461000719513 /* NoteList.swift in Sources */,
			);
			runOnlyForDeploymentPostprocessing = 0;
		};
		879F3F5A2602AE4400C110BC /* Sources */ = {
			isa = PBXSourcesBuildPhase;
			buildActionMask = 2147483647;
			files = (
				879F3F632602AE4400C110BC /* NoteTests.swift in Sources */,
			);
			runOnlyForDeploymentPostprocessing = 0;
		};
		879F3F652602AE4400C110BC /* Sources */ = {
			isa = PBXSourcesBuildPhase;
			buildActionMask = 2147483647;
			files = (
				879F3F6E2602AE4400C110BC /* NoteUITests.swift in Sources */,
			);
			runOnlyForDeploymentPostprocessing = 0;
		};
/* End PBXSourcesBuildPhase section */

/* Begin PBXTargetDependency section */
		879F3F602602AE4400C110BC /* PBXTargetDependency */ = {
			isa = PBXTargetDependency;
			target = 879F3F472602AE4200C110BC /* Note */;
			targetProxy = 879F3F5F2602AE4400C110BC /* PBXContainerItemProxy */;
		};
		879F3F6B2602AE4400C110BC /* PBXTargetDependency */ = {
			isa = PBXTargetDependency;
			target = 879F3F472602AE4200C110BC /* Note */;
			targetProxy = 879F3F6A2602AE4400C110BC /* PBXContainerItemProxy */;
		};
/* End PBXTargetDependency section */

/* Begin XCBuildConfiguration section */
		879F3F702602AE4400C110BC /* Debug */ = {
			isa = XCBuildConfiguration;
			buildSettings = {
				ALWAYS_SEARCH_USER_PATHS = NO;
				CLANG_ANALYZER_NONNULL = YES;
				CLANG_ANALYZER_NUMBER_OBJECT_CONVERSION = YES_AGGRESSIVE;
				CLANG_CXX_LANGUAGE_STANDARD = "gnu++14";
				CLANG_CXX_LIBRARY = "libc++";
				CLANG_ENABLE_MODULES = YES;
				CLANG_ENABLE_OBJC_ARC = YES;
				CLANG_ENABLE_OBJC_WEAK = YES;
				CLANG_WARN_BLOCK_CAPTURE_AUTORELEASING = YES;
				CLANG_WARN_BOOL_CONVERSION = YES;
				CLANG_WARN_COMMA = YES;
				CLANG_WARN_CONSTANT_CONVERSION = YES;
				CLANG_WARN_DEPRECATED_OBJC_IMPLEMENTATIONS = YES;
				CLANG_WARN_DIRECT_OBJC_ISA_USAGE = YES_ERROR;
				CLANG_WARN_DOCUMENTATION_COMMENTS = YES;
				CLANG_WARN_EMPTY_BODY = YES;
				CLANG_WARN_ENUM_CONVERSION = YES;
				CLANG_WARN_INFINITE_RECURSION = YES;
				CLANG_WARN_INT_CONVERSION = YES;
				CLANG_WARN_NON_LITERAL_NULL_CONVERSION = YES;
				CLANG_WARN_OBJC_IMPLICIT_RETAIN_SELF = YES;
				CLANG_WARN_OBJC_LITERAL_CONVERSION = YES;
				CLANG_WARN_OBJC_ROOT_CLASS = YES_ERROR;
				CLANG_WARN_QUOTED_INCLUDE_IN_FRAMEWORK_HEADER = YES;
				CLANG_WARN_RANGE_LOOP_ANALYSIS = YES;
				CLANG_WARN_STRICT_PROTOTYPES = YES;
				CLANG_WARN_SUSPICIOUS_MOVE = YES;
				CLANG_WARN_UNGUARDED_AVAILABILITY = YES_AGGRESSIVE;
				CLANG_WARN_UNREACHABLE_CODE = YES;
				CLANG_WARN__DUPLICATE_METHOD_MATCH = YES;
				COPY_PHASE_STRIP = NO;
				DEBUG_INFORMATION_FORMAT = dwarf;
				ENABLE_STRICT_OBJC_MSGSEND = YES;
				ENABLE_TESTABILITY = YES;
				GCC_C_LANGUAGE_STANDARD = gnu11;
				GCC_DYNAMIC_NO_PIC = NO;
				GCC_NO_COMMON_BLOCKS = YES;
				GCC_OPTIMIZATION_LEVEL = 0;
				GCC_PREPROCESSOR_DEFINITIONS = (
					"DEBUG=1",
					"$(inherited)",
				);
				GCC_WARN_64_TO_32_BIT_CONVERSION = YES;
				GCC_WARN_ABOUT_RETURN_TYPE = YES_ERROR;
				GCC_WARN_UNDECLARED_SELECTOR = YES;
				GCC_WARN_UNINITIALIZED_AUTOS = YES_AGGRESSIVE;
				GCC_WARN_UNUSED_FUNCTION = YES;
				GCC_WARN_UNUSED_VARIABLE = YES;
				IPHONEOS_DEPLOYMENT_TARGET = 14.4;
				MTL_ENABLE_DEBUG_INFO = INCLUDE_SOURCE;
				MTL_FAST_MATH = YES;
				ONLY_ACTIVE_ARCH = YES;
				SDKROOT = iphoneos;
				SWIFT_ACTIVE_COMPILATION_CONDITIONS = DEBUG;
				SWIFT_OPTIMIZATION_LEVEL = "-Onone";
			};
			name = Debug;
		};
		879F3F712602AE4400C110BC /* Release */ = {
			isa = XCBuildConfiguration;
			buildSettings = {
				ALWAYS_SEARCH_USER_PATHS = NO;
				CLANG_ANALYZER_NONNULL = YES;
				CLANG_ANALYZER_NUMBER_OBJECT_CONVERSION = YES_AGGRESSIVE;
				CLANG_CXX_LANGUAGE_STANDARD = "gnu++14";
				CLANG_CXX_LIBRARY = "libc++";
				CLANG_ENABLE_MODULES = YES;
				CLANG_ENABLE_OBJC_ARC = YES;
				CLANG_ENABLE_OBJC_WEAK = YES;
				CLANG_WARN_BLOCK_CAPTURE_AUTORELEASING = YES;
				CLANG_WARN_BOOL_CONVERSION = YES;
				CLANG_WARN_COMMA = YES;
				CLANG_WARN_CONSTANT_CONVERSION = YES;
				CLANG_WARN_DEPRECATED_OBJC_IMPLEMENTATIONS = YES;
				CLANG_WARN_DIRECT_OBJC_ISA_USAGE = YES_ERROR;
				CLANG_WARN_DOCUMENTATION_COMMENTS = YES;
				CLANG_WARN_EMPTY_BODY = YES;
				CLANG_WARN_ENUM_CONVERSION = YES;
				CLANG_WARN_INFINITE_RECURSION = YES;
				CLANG_WARN_INT_CONVERSION = YES;
				CLANG_WARN_NON_LITERAL_NULL_CONVERSION = YES;
				CLANG_WARN_OBJC_IMPLICIT_RETAIN_SELF = YES;
				CLANG_WARN_OBJC_LITERAL_CONVERSION = YES;
				CLANG_WARN_OBJC_ROOT_CLASS = YES_ERROR;
				CLANG_WARN_QUOTED_INCLUDE_IN_FRAMEWORK_HEADER = YES;
				CLANG_WARN_RANGE_LOOP_ANALYSIS = YES;
				CLANG_WARN_STRICT_PROTOTYPES = YES;
				CLANG_WARN_SUSPICIOUS_MOVE = YES;
				CLANG_WARN_UNGUARDED_AVAILABILITY = YES_AGGRESSIVE;
				CLANG_WARN_UNREACHABLE_CODE = YES;
				CLANG_WARN__DUPLICATE_METHOD_MATCH = YES;
				COPY_PHASE_STRIP = NO;
				DEBUG_INFORMATION_FORMAT = "dwarf-with-dsym";
				ENABLE_NS_ASSERTIONS = NO;
				ENABLE_STRICT_OBJC_MSGSEND = YES;
				GCC_C_LANGUAGE_STANDARD = gnu11;
				GCC_NO_COMMON_BLOCKS = YES;
				GCC_WARN_64_TO_32_BIT_CONVERSION = YES;
				GCC_WARN_ABOUT_RETURN_TYPE = YES_ERROR;
				GCC_WARN_UNDECLARED_SELECTOR = YES;
				GCC_WARN_UNINITIALIZED_AUTOS = YES_AGGRESSIVE;
				GCC_WARN_UNUSED_FUNCTION = YES;
				GCC_WARN_UNUSED_VARIABLE = YES;
				IPHONEOS_DEPLOYMENT_TARGET = 14.4;
				MTL_ENABLE_DEBUG_INFO = NO;
				MTL_FAST_MATH = YES;
				SDKROOT = iphoneos;
				SWIFT_COMPILATION_MODE = wholemodule;
				SWIFT_OPTIMIZATION_LEVEL = "-O";
				VALIDATE_PRODUCT = YES;
			};
			name = Release;
		};
		879F3F732602AE4400C110BC /* Debug */ = {
			isa = XCBuildConfiguration;
			buildSettings = {
				ASSETCATALOG_COMPILER_APPICON_NAME = AppIcon;
				ASSETCATALOG_COMPILER_GLOBAL_ACCENT_COLOR_NAME = AccentColor;
				CODE_SIGN_STYLE = Automatic;
				DEVELOPMENT_ASSET_PATHS = "\"Note/Preview Content\"";
				ENABLE_PREVIEWS = YES;
				INFOPLIST_FILE = Note/Info.plist;
				IPHONEOS_DEPLOYMENT_TARGET = 14.0;
				LD_RUNPATH_SEARCH_PATHS = (
					"$(inherited)",
					"@executable_path/Frameworks",
				);
				PRODUCT_BUNDLE_IDENTIFIER = SiyaoLi.Note;
				PRODUCT_NAME = "$(TARGET_NAME)";
				SWIFT_VERSION = 5.0;
				TARGETED_DEVICE_FAMILY = "1,2";
			};
			name = Debug;
		};
		879F3F742602AE4400C110BC /* Release */ = {
			isa = XCBuildConfiguration;
			buildSettings = {
				ASSETCATALOG_COMPILER_APPICON_NAME = AppIcon;
				ASSETCATALOG_COMPILER_GLOBAL_ACCENT_COLOR_NAME = AccentColor;
				CODE_SIGN_STYLE = Automatic;
				DEVELOPMENT_ASSET_PATHS = "\"Note/Preview Content\"";
				ENABLE_PREVIEWS = YES;
				INFOPLIST_FILE = Note/Info.plist;
				IPHONEOS_DEPLOYMENT_TARGET = 14.0;
				LD_RUNPATH_SEARCH_PATHS = (
					"$(inherited)",
					"@executable_path/Frameworks",
				);
				PRODUCT_BUNDLE_IDENTIFIER = SiyaoLi.Note;
				PRODUCT_NAME = "$(TARGET_NAME)";
				SWIFT_VERSION = 5.0;
				TARGETED_DEVICE_FAMILY = "1,2";
			};
			name = Release;
		};
		879F3F762602AE4400C110BC /* Debug */ = {
			isa = XCBuildConfiguration;
			buildSettings = {
				ALWAYS_EMBED_SWIFT_STANDARD_LIBRARIES = YES;
				BUNDLE_LOADER = "$(TEST_HOST)";
				CODE_SIGN_STYLE = Automatic;
				INFOPLIST_FILE = NoteTests/Info.plist;
				IPHONEOS_DEPLOYMENT_TARGET = 14.0;
				LD_RUNPATH_SEARCH_PATHS = (
					"$(inherited)",
					"@executable_path/Frameworks",
					"@loader_path/Frameworks",
				);
				PRODUCT_BUNDLE_IDENTIFIER = SiyaoLi.NoteTests;
				PRODUCT_NAME = "$(TARGET_NAME)";
				SWIFT_VERSION = 5.0;
				TARGETED_DEVICE_FAMILY = "1,2";
				TEST_HOST = "$(BUILT_PRODUCTS_DIR)/Note.app/Note";
			};
			name = Debug;
		};
		879F3F772602AE4400C110BC /* Release */ = {
			isa = XCBuildConfiguration;
			buildSettings = {
				ALWAYS_EMBED_SWIFT_STANDARD_LIBRARIES = YES;
				BUNDLE_LOADER = "$(TEST_HOST)";
				CODE_SIGN_STYLE = Automatic;
				INFOPLIST_FILE = NoteTests/Info.plist;
				IPHONEOS_DEPLOYMENT_TARGET = 14.0;
				LD_RUNPATH_SEARCH_PATHS = (
					"$(inherited)",
					"@executable_path/Frameworks",
					"@loader_path/Frameworks",
				);
				PRODUCT_BUNDLE_IDENTIFIER = SiyaoLi.NoteTests;
				PRODUCT_NAME = "$(TARGET_NAME)";
				SWIFT_VERSION = 5.0;
				TARGETED_DEVICE_FAMILY = "1,2";
				TEST_HOST = "$(BUILT_PRODUCTS_DIR)/Note.app/Note";
			};
			name = Release;
		};
		879F3F792602AE4400C110BC /* Debug */ = {
			isa = XCBuildConfiguration;
			buildSettings = {
				ALWAYS_EMBED_SWIFT_STANDARD_LIBRARIES = YES;
				CODE_SIGN_STYLE = Automatic;
				INFOPLIST_FILE = NoteUITests/Info.plist;
				LD_RUNPATH_SEARCH_PATHS = (
					"$(inherited)",
					"@executable_path/Frameworks",
					"@loader_path/Frameworks",
				);
				PRODUCT_BUNDLE_IDENTIFIER = SiyaoLi.NoteUITests;
				PRODUCT_NAME = "$(TARGET_NAME)";
				SWIFT_VERSION = 5.0;
				TARGETED_DEVICE_FAMILY = "1,2";
				TEST_TARGET_NAME = Note;
			};
			name = Debug;
		};
		879F3F7A2602AE4400C110BC /* Release */ = {
			isa = XCBuildConfiguration;
			buildSettings = {
				ALWAYS_EMBED_SWIFT_STANDARD_LIBRARIES = YES;
				CODE_SIGN_STYLE = Automatic;
				INFOPLIST_FILE = NoteUITests/Info.plist;
				LD_RUNPATH_SEARCH_PATHS = (
					"$(inherited)",
					"@executable_path/Frameworks",
					"@loader_path/Frameworks",
				);
				PRODUCT_BUNDLE_IDENTIFIER = SiyaoLi.NoteUITests;
				PRODUCT_NAME = "$(TARGET_NAME)";
				SWIFT_VERSION = 5.0;
				TARGETED_DEVICE_FAMILY = "1,2";
				TEST_TARGET_NAME = Note;
			};
			name = Release;
		};
/* End XCBuildConfiguration section */

/* Begin XCConfigurationList section */
		879F3F432602AE4200C110BC /* Build configuration list for PBXProject "Note" */ = {
			isa = XCConfigurationList;
			buildConfigurations = (
				879F3F702602AE4400C110BC /* Debug */,
				879F3F712602AE4400C110BC /* Release */,
			);
			defaultConfigurationIsVisible = 0;
			defaultConfigurationName = Release;
		};
		879F3F722602AE4400C110BC /* Build configuration list for PBXNativeTarget "Note" */ = {
			isa = XCConfigurationList;
			buildConfigurations = (
				879F3F732602AE4400C110BC /* Debug */,
				879F3F742602AE4400C110BC /* Release */,
			);
			defaultConfigurationIsVisible = 0;
			defaultConfigurationName = Release;
		};
		879F3F752602AE4400C110BC /* Build configuration list for PBXNativeTarget "NoteTests" */ = {
			isa = XCConfigurationList;
			buildConfigurations = (
				879F3F762602AE4400C110BC /* Debug */,
				879F3F772602AE4400C110BC /* Release */,
			);
			defaultConfigurationIsVisible = 0;
			defaultConfigurationName = Release;
		};
		879F3F782602AE4400C110BC /* Build configuration list for PBXNativeTarget "NoteUITests" */ = {
			isa = XCConfigurationList;
			buildConfigurations = (
				879F3F792602AE4400C110BC /* Debug */,
				879F3F7A2602AE4400C110BC /* Release */,
			);
			defaultConfigurationIsVisible = 0;
			defaultConfigurationName = Release;
		};
/* End XCConfigurationList section */

/* Begin XCVersionGroup section */
		879F3F562602AE4300C110BC /* Note.xcdatamodeld */ = {
			isa = XCVersionGroup;
			children = (
				879F3F572602AE4300C110BC /* Note.xcdatamodel */,
			);
			currentVersion = 879F3F572602AE4300C110BC /* Note.xcdatamodel */;
			path = Note.xcdatamodeld;
			sourceTree = "<group>";
			versionGroupType = wrapper.xcdatamodel;
		};
/* End XCVersionGroup section */
	};
	rootObject = 879F3F402602AE4200C110BC /* Project object */;
}
